
Microsoft Visual Studio Solution File, Format Version 12.00
# Visual Studio Version 16
VisualStudioVersion = 16.0.29324.140
MinimumVisualStudioVersion = 10.0.40219.1
Project("{FAE04EC0-301F-11D3-BF4B-00C04F79EFBC}") = "GoldenPersonelYonetimi", "GoldenPersonelYonetimi.csproj", "{04657D47-ADAC-41C9-9ACF-5641828DD8ED}"
EndProject
Global
	GlobalSection(SolutionConfigurationPlatforms) = preSolution
		Debug|Any CPU = Debug|Any CPU
		Release|Any CPU = Release|Any CPU
	EndGlobalSection
	GlobalSection(ProjectConfigurationPlatforms) = postSolution
		{04657D47-ADAC-41C9-9ACF-5641828DD8ED}.Debug|Any CPU.ActiveCfg = Debug|Any CPU
		{04657D47-ADAC-41C9-9ACF-5641828DD8ED}.Debug|Any CPU.Build.0 = Debug|Any CPU
		{04657D47-ADAC-41C9-9ACF-5641828DD8ED}.Release|Any CPU.ActiveCfg = Release|Any CPU
		{04657D47-ADAC-41C9-9ACF-5641828DD8ED}.Release|Any CPU.Build.0 = Release|Any CPU
	EndGlobalSection
	GlobalSection(SolutionProperties) = preSolution
		HideSolutionNode = FALSE
	EndGlobalSection
	GlobalSection(ExtensibilityGlobals) = postSolution
		SolutionGuid = {64D26697-0C88-4ABE-9426-91B813178BDD}
	EndGlobalSection
EndGlobal
